
Microsoft Visual Studio Solution File, Format Version 12.00
# Visual Studio Version 16
VisualStudioVersion = 25.0.1705.4
MinimumVisualStudioVersion = 10.0.40219.1
Project("{FAE04EC0-301F-11D3-BF4B-00C04F79EFBC}") = "FC.Codeflix.Catalog", "FC.Codeflix.Catalog\FC.Codeflix.Catalog.csproj", "{52CC195C-C205-4071-8638-8441265217AF}"
EndProject
Global
	GlobalSection(SolutionConfigurationPlatforms) = preSolution
		Debug|Any CPU = Debug|Any CPU
		Release|Any CPU = Release|Any CPU
	EndGlobalSection
	GlobalSection(ProjectConfigurationPlatforms) = postSolution
		{52CC195C-C205-4071-8638-8441265217AF}.Debug|Any CPU.ActiveCfg = Debug|Any CPU
		{52CC195C-C205-4071-8638-8441265217AF}.Debug|Any CPU.Build.0 = Debug|Any CPU
		{52CC195C-C205-4071-8638-8441265217AF}.Release|Any CPU.ActiveCfg = Release|Any CPU
		{52CC195C-C205-4071-8638-8441265217AF}.Release|Any CPU.Build.0 = Release|Any CPU
	EndGlobalSection
	GlobalSection(SolutionProperties) = preSolution
		HideSolutionNode = FALSE
	EndGlobalSection
	GlobalSection(ExtensibilityGlobals) = postSolution
		SolutionGuid = {FEB8EB52-04FA-4B55-9518-5BC2EE524F42}
	EndGlobalSection
EndGlobal
